// !$*UTF8*$!
{
	archiveVersion = 1;
	classes = {
	};
	objectVersion = 46;
	objects = {

/* Begin PBXBuildFile section */
		072442961F8F8DE8006404BB /* AppDelegate.swift in Sources */ = {isa = PBXBuildFile; fileRef = 072442951F8F8DE8006404BB /* AppDelegate.swift */; };
		072442981F8F8DE8006404BB /* ViewController.swift in Sources */ = {isa = PBXBuildFile; fileRef = 072442971F8F8DE8006404BB /* ViewController.swift */; };
		0724429B1F8F8DE8006404BB /* Main.storyboard in Resources */ = {isa = PBXBuildFile; fileRef = 072442991F8F8DE8006404BB /* Main.storyboard */; };
		0724429D1F8F8DE8006404BB /* Assets.xcassets in Resources */ = {isa = PBXBuildFile; fileRef = 0724429C1F8F8DE8006404BB /* Assets.xcassets */; };
		072442A01F8F8DE8006404BB /* LaunchScreen.storyboard in Resources */ = {isa = PBXBuildFile; fileRef = 0724429E1F8F8DE8006404BB /* LaunchScreen.storyboard */; };
		072442B21F8F90E3006404BB /* done.png in Resources */ = {isa = PBXBuildFile; fileRef = 072442A81F8F90E3006404BB /* done.png */; };
		072442B31F8F90E3006404BB /* NSString+Sha1.m in Sources */ = {isa = PBXBuildFile; fileRef = 072442AA1F8F90E3006404BB /* NSString+Sha1.m */; };
		072442B41F8F90E3006404BB /* NSString+Sha1.textClipping in Resources */ = {isa = PBXBuildFile; fileRef = 072442AB1F8F90E3006404BB /* NSString+Sha1.textClipping */; };
		072442B51F8F90E3006404BB /* Reachability.m in Sources */ = {isa = PBXBuildFile; fileRef = 072442AD1F8F90E3006404BB /* Reachability.m */; };
		072442B61F8F90E3006404BB /* RNCachingURLProtocol.m in Sources */ = {isa = PBXBuildFile; fileRef = 072442AF1F8F90E3006404BB /* RNCachingURLProtocol.m */; };
		072442B71F8F90E3006404BB /* search.png in Resources */ = {isa = PBXBuildFile; fileRef = 072442B01F8F90E3006404BB /* search.png */; };
		072442B91F8F91FA006404BB /* ListTableViewController.swift in Sources */ = {isa = PBXBuildFile; fileRef = 072442B81F8F91FA006404BB /* ListTableViewController.swift */; };
		072442BC1F8FC127006404BB /* SystemConfiguration.framework in Frameworks */ = {isa = PBXBuildFile; fileRef = 072442BB1F8FC127006404BB /* SystemConfiguration.framework */; };
/* End PBXBuildFile section */

/* Begin PBXFileReference section */
		072442921F8F8DE8006404BB /* SwiftPocket2.app */ = {isa = PBXFileReference; explicitFileType = wrapper.application; includeInIndex = 0; path = SwiftPocket2.app; sourceTree = BUILT_PRODUCTS_DIR; };
		072442951F8F8DE8006404BB /* AppDelegate.swift */ = {isa = PBXFileReference; lastKnownFileType = sourcecode.swift; path = AppDelegate.swift; sourceTree = "<group>"; };
		072442971F8F8DE8006404BB /* ViewController.swift */ = {isa = PBXFileReference; lastKnownFileType = sourcecode.swift; path = ViewController.swift; sourceTree = "<group>"; };
		0724429A1F8F8DE8006404BB /* Base */ = {isa = PBXFileReference; lastKnownFileType = file.storyboard; name = Base; path = Base.lproj/Main.storyboard; sourceTree = "<group>"; };
		0724429C1F8F8DE8006404BB /* Assets.xcassets */ = {isa = PBXFileReference; lastKnownFileType = folder.assetcatalog; path = Assets.xcassets; sourceTree = "<group>"; };
		0724429F1F8F8DE8006404BB /* Base */ = {isa = PBXFileReference; lastKnownFileType = file.storyboard; name = Base; path = Base.lproj/LaunchScreen.storyboard; sourceTree = "<group>"; };
		072442A11F8F8DE8006404BB /* Info.plist */ = {isa = PBXFileReference; lastKnownFileType = text.plist.xml; path = Info.plist; sourceTree = "<group>"; };
		072442A71F8F90E3006404BB /* SwiftPocket2-Bridging-Header.h */ = {isa = PBXFileReference; lastKnownFileType = sourcecode.c.h; path = "SwiftPocket2-Bridging-Header.h"; sourceTree = "<group>"; };
		072442A81F8F90E3006404BB /* done.png */ = {isa = PBXFileReference; lastKnownFileType = image.png; path = done.png; sourceTree = "<group>"; };
		072442A91F8F90E3006404BB /* NSString+Sha1.h */ = {isa = PBXFileReference; fileEncoding = 4; lastKnownFileType = sourcecode.c.h; path = "NSString+Sha1.h"; sourceTree = "<group>"; };
		072442AA1F8F90E3006404BB /* NSString+Sha1.m */ = {isa = PBXFileReference; fileEncoding = 4; lastKnownFileType = sourcecode.c.objc; path = "NSString+Sha1.m"; sourceTree = "<group>"; };
		072442AB1F8F90E3006404BB /* NSString+Sha1.textClipping */ = {isa = PBXFileReference; lastKnownFileType = file.bplist; path = "NSString+Sha1.textClipping"; sourceTree = "<group>"; };
		072442AC1F8F90E3006404BB /* Reachability.h */ = {isa = PBXFileReference; fileEncoding = 4; lastKnownFileType = sourcecode.c.h; path = Reachability.h; sourceTree = "<group>"; };
		072442AD1F8F90E3006404BB /* Reachability.m */ = {isa = PBXFileReference; fileEncoding = 4; lastKnownFileType = sourcecode.c.objc; path = Reachability.m; sourceTree = "<group>"; };
		072442AE1F8F90E3006404BB /* RNCachingURLProtocol.h */ = {isa = PBXFileReference; fileEncoding = 4; lastKnownFileType = sourcecode.c.h; path = RNCachingURLProtocol.h; sourceTree = "<group>"; };
		072442AF1F8F90E3006404BB /* RNCachingURLProtocol.m */ = {isa = PBXFileReference; fileEncoding = 4; lastKnownFileType = sourcecode.c.objc; path = RNCachingURLProtocol.m; sourceTree = "<group>"; };
		072442B01F8F90E3006404BB /* search.png */ = {isa = PBXFileReference; lastKnownFileType = image.png; path = search.png; sourceTree = "<group>"; };
		072442B11F8F90E3006404BB /* SwiftPocket-Bridging-Header.h */ = {isa = PBXFileReference; fileEncoding = 4; lastKnownFileType = sourcecode.c.h; path = "SwiftPocket-Bridging-Header.h"; sourceTree = "<group>"; };
		072442B81F8F91FA006404BB /* ListTableViewController.swift */ = {isa = PBXFileReference; fileEncoding = 4; lastKnownFileType = sourcecode.swift; path = ListTableViewController.swift; sourceTree = "<group>"; };
		072442BB1F8FC127006404BB /* SystemConfiguration.framework */ = {isa = PBXFileReference; lastKnownFileType = wrapper.framework; name = SystemConfiguration.framework; path = System/Library/Frameworks/SystemConfiguration.framework; sourceTree = SDKROOT; };
/* End PBXFileReference section */

/* Begin PBXFrameworksBuildPhase section */
		0724428F1F8F8DE8006404BB /* Frameworks */ = {
			isa = PBXFrameworksBuildPhase;
			buildActionMask = 2147483647;
			files = (
				072442BC1F8FC127006404BB /* SystemConfiguration.framework in Frameworks */,
			);
			runOnlyForDeploymentPostprocessing = 0;
		};
/* End PBXFrameworksBuildPhase section */

/* Begin PBXGroup section */
		072442891F8F8DE8006404BB = {
			isa = PBXGroup;
			children = (
				072442941F8F8DE8006404BB /* SwiftPocket2 */,
				072442931F8F8DE8006404BB /* Products */,
				072442BA1F8FC126006404BB /* Frameworks */,
			);
			sourceTree = "<group>";
		};
		072442931F8F8DE8006404BB /* Products */ = {
			isa = PBXGroup;
			children = (
				072442921F8F8DE8006404BB /* SwiftPocket2.app */,
			);
			name = Products;
			sourceTree = "<group>";
		};
		072442941F8F8DE8006404BB /* SwiftPocket2 */ = {
			isa = PBXGroup;
			children = (
				072442A81F8F90E3006404BB /* done.png */,
				072442A91F8F90E3006404BB /* NSString+Sha1.h */,
				072442AA1F8F90E3006404BB /* NSString+Sha1.m */,
				072442AB1F8F90E3006404BB /* NSString+Sha1.textClipping */,
				072442AC1F8F90E3006404BB /* Reachability.h */,
				072442AD1F8F90E3006404BB /* Reachability.m */,
				072442AE1F8F90E3006404BB /* RNCachingURLProtocol.h */,
				072442AF1F8F90E3006404BB /* RNCachingURLProtocol.m */,
				072442B01F8F90E3006404BB /* search.png */,
				072442B11F8F90E3006404BB /* SwiftPocket-Bridging-Header.h */,
				072442951F8F8DE8006404BB /* AppDelegate.swift */,
				072442971F8F8DE8006404BB /* ViewController.swift */,
				072442991F8F8DE8006404BB /* Main.storyboard */,
				0724429C1F8F8DE8006404BB /* Assets.xcassets */,
				0724429E1F8F8DE8006404BB /* LaunchScreen.storyboard */,
				072442A11F8F8DE8006404BB /* Info.plist */,
				072442A71F8F90E3006404BB /* SwiftPocket2-Bridging-Header.h */,
				072442B81F8F91FA006404BB /* ListTableViewController.swift */,
			);
			path = SwiftPocket2;
			sourceTree = "<group>";
		};
		072442BA1F8FC126006404BB /* Frameworks */ = {
			isa = PBXGroup;
			children = (
				072442BB1F8FC127006404BB /* SystemConfiguration.framework */,
			);
			name = Frameworks;
			sourceTree = "<group>";
		};
/* End PBXGroup section */

/* Begin PBXNativeTarget section */
		072442911F8F8DE8006404BB /* SwiftPocket2 */ = {
			isa = PBXNativeTarget;
			buildConfigurationList = 072442A41F8F8DE8006404BB /* Build configuration list for PBXNativeTarget "SwiftPocket2" */;
			buildPhases = (
				0724428E1F8F8DE8006404BB /* Sources */,
				0724428F1F8F8DE8006404BB /* Frameworks */,
				072442901F8F8DE8006404BB /* Resources */,
			);
			buildRules = (
			);
			dependencies = (
			);
			name = SwiftPocket2;
			productName = SwiftPocket2;
			productReference = 072442921F8F8DE8006404BB /* SwiftPocket2.app */;
			productType = "com.apple.product-type.application";
		};
/* End PBXNativeTarget section */

/* Begin PBXProject section */
		0724428A1F8F8DE8006404BB /* Project object */ = {
			isa = PBXProject;
			attributes = {
				LastSwiftUpdateCheck = 0830;
				LastUpgradeCheck = 0830;
				ORGANIZATIONNAME = HideakiTouhara;
				TargetAttributes = {
					072442911F8F8DE8006404BB = {
						CreatedOnToolsVersion = 8.3.3;
						DevelopmentTeam = QG4UUMT2SM;
						LastSwiftMigration = 0830;
						ProvisioningStyle = Automatic;
					};
				};
			};
			buildConfigurationList = 0724428D1F8F8DE8006404BB /* Build configuration list for PBXProject "SwiftPocket2" */;
			compatibilityVersion = "Xcode 3.2";
			developmentRegion = English;
			hasScannedForEncodings = 0;
			knownRegions = (
				en,
				Base,
			);
			mainGroup = 072442891F8F8DE8006404BB;
			productRefGroup = 072442931F8F8DE8006404BB /* Products */;
			projectDirPath = "";
			projectRoot = "";
			targets = (
				072442911F8F8DE8006404BB /* SwiftPocket2 */,
			);
		};
/* End PBXProject section */

/* Begin PBXResourcesBuildPhase section */
		072442901F8F8DE8006404BB /* Resources */ = {
			isa = PBXResourcesBuildPhase;
			buildActionMask = 2147483647;
			files = (
				072442A01F8F8DE8006404BB /* LaunchScreen.storyboard in Resources */,
				072442B71F8F90E3006404BB /* search.png in Resources */,
				072442B41F8F90E3006404BB /* NSString+Sha1.textClipping in Resources */,
				072442B21F8F90E3006404BB /* done.png in Resources */,
				0724429D1F8F8DE8006404BB /* Assets.xcassets in Resources */,
				0724429B1F8F8DE8006404BB /* Main.storyboard in Resources */,
			);
			runOnlyForDeploymentPostprocessing = 0;
		};
/* End PBXResourcesBuildPhase section */

/* Begin PBXSourcesBuildPhase section */
		0724428E1F8F8DE8006404BB /* Sources */ = {
			isa = PBXSourcesBuildPhase;
			buildActionMask = 2147483647;
			files = (
				072442981F8F8DE8006404BB /* ViewController.swift in Sources */,
				072442B31F8F90E3006404BB /* NSString+Sha1.m in Sources */,
				072442B61F8F90E3006404BB /* RNCachingURLProtocol.m in Sources */,
				072442B91F8F91FA006404BB /* ListTableViewController.swift in Sources */,
				072442B51F8F90E3006404BB /* Reachability.m in Sources */,
				072442961F8F8DE8006404BB /* AppDelegate.swift in Sources */,
			);
			runOnlyForDeploymentPostprocessing = 0;
		};
/* End PBXSourcesBuildPhase section */

/* Begin PBXVariantGroup section */
		072442991F8F8DE8006404BB /* Main.storyboard */ = {
			isa = PBXVariantGroup;
			children = (
				0724429A1F8F8DE8006404BB /* Base */,
			);
			name = Main.storyboard;
			sourceTree = "<group>";
		};
		0724429E1F8F8DE8006404BB /* LaunchScreen.storyboard */ = {
			isa = PBXVariantGroup;
			children = (
				0724429F1F8F8DE8006404BB /* Base */,
			);
			name = LaunchScreen.storyboard;
			sourceTree = "<group>";
		};
/* End PBXVariantGroup section */

/* Begin XCBuildConfiguration section */
		072442A21F8F8DE8006404BB /* Debug */ = {
			isa = XCBuildConfiguration;
			buildSettings = {
				ALWAYS_SEARCH_USER_PATHS = NO;
				CLANG_ANALYZER_NONNULL = YES;
				CLANG_ANALYZER_NUMBER_OBJECT_CONVERSION = YES_AGGRESSIVE;
				CLANG_CXX_LANGUAGE_STANDARD = "gnu++0x";
				CLANG_CXX_LIBRARY = "libc++";
				CLANG_ENABLE_MODULES = YES;
				CLANG_ENABLE_OBJC_ARC = YES;
				CLANG_WARN_BOOL_CONVERSION = YES;
				CLANG_WARN_CONSTANT_CONVERSION = YES;
				CLANG_WARN_DIRECT_OBJC_ISA_USAGE = YES_ERROR;
				CLANG_WARN_DOCUMENTATION_COMMENTS = YES;
				CLANG_WARN_EMPTY_BODY = YES;
				CLANG_WARN_ENUM_CONVERSION = YES;
				CLANG_WARN_INFINITE_RECURSION = YES;
				CLANG_WARN_INT_CONVERSION = YES;
				CLANG_WARN_OBJC_ROOT_CLASS = YES_ERROR;
				CLANG_WARN_SUSPICIOUS_MOVE = YES;
				CLANG_WARN_UNREACHABLE_CODE = YES;
				CLANG_WARN__DUPLICATE_METHOD_MATCH = YES;
				"CODE_SIGN_IDENTITY[sdk=iphoneos*]" = "iPhone Developer";
				COPY_PHASE_STRIP = NO;
				DEBUG_INFORMATION_FORMAT = dwarf;
				ENABLE_STRICT_OBJC_MSGSEND = YES;
				ENABLE_TESTABILITY = YES;
				GCC_C_LANGUAGE_STANDARD = gnu99;
				GCC_DYNAMIC_NO_PIC = NO;
				GCC_NO_COMMON_BLOCKS = YES;
				GCC_OPTIMIZATION_LEVEL = 0;
				GCC_PREPROCESSOR_DEFINITIONS = (
					"DEBUG=1",
					"$(inherited)",
				);
				GCC_WARN_64_TO_32_BIT_CONVERSION = YES;
				GCC_WARN_ABOUT_RETURN_TYPE = YES_ERROR;
				GCC_WARN_UNDECLARED_SELECTOR = YES;
				GCC_WARN_UNINITIALIZED_AUTOS = YES_AGGRESSIVE;
				GCC_WARN_UNUSED_FUNCTION = YES;
				GCC_WARN_UNUSED_VARIABLE = YES;
				IPHONEOS_DEPLOYMENT_TARGET = 10.3;
				MTL_ENABLE_DEBUG_INFO = YES;
				ONLY_ACTIVE_ARCH = YES;
				SDKROOT = iphoneos;
				SWIFT_ACTIVE_COMPILATION_CONDITIONS = DEBUG;
				SWIFT_OPTIMIZATION_LEVEL = "-Onone";
			};
			name = Debug;
		};
		072442A31F8F8DE8006404BB /* Release */ = {
			isa = XCBuildConfiguration;
			buildSettings = {
				ALWAYS_SEARCH_USER_PATHS = NO;
				CLANG_ANALYZER_NONNULL = YES;
				CLANG_ANALYZER_NUMBER_OBJECT_CONVERSION = YES_AGGRESSIVE;
				CLANG_CXX_LANGUAGE_STANDARD = "gnu++0x";
				CLANG_CXX_LIBRARY = "libc++";
				CLANG_ENABLE_MODULES = YES;
				CLANG_ENABLE_OBJC_ARC = YES;
				CLANG_WARN_BOOL_CONVERSION = YES;
				CLANG_WARN_CONSTANT_CONVERSION = YES;
				CLANG_WARN_DIRECT_OBJC_ISA_USAGE = YES_ERROR;
				CLANG_WARN_DOCUMENTATION_COMMENTS = YES;
				CLANG_WARN_EMPTY_BODY = YES;
				CLANG_WARN_ENUM_CONVERSION = YES;
				CLANG_WARN_INFINITE_RECURSION = YES;
				CLANG_WARN_INT_CONVERSION = YES;
				CLANG_WARN_OBJC_ROOT_CLASS = YES_ERROR;
				CLANG_WARN_SUSPICIOUS_MOVE = YES;
				CLANG_WARN_UNREACHABLE_CODE = YES;
				CLANG_WARN__DUPLICATE_METHOD_MATCH = YES;
				"CODE_SIGN_IDENTITY[sdk=iphoneos*]" = "iPhone Developer";
				COPY_PHASE_STRIP = NO;
				DEBUG_INFORMATION_FORMAT = "dwarf-with-dsym";
				ENABLE_NS_ASSERTIONS = NO;
				ENABLE_STRICT_OBJC_MSGSEND = YES;
				GCC_C_LANGUAGE_STANDARD = gnu99;
				GCC_NO_COMMON_BLOCKS = YES;
				GCC_WARN_64_TO_32_BIT_CONVERSION = YES;
				GCC_WARN_ABOUT_RETURN_TYPE = YES_ERROR;
				GCC_WARN_UNDECLARED_SELECTOR = YES;
				GCC_WARN_UNINITIALIZED_AUTOS = YES_AGGRESSIVE;
				GCC_WARN_UNUSED_FUNCTION = YES;
				GCC_WARN_UNUSED_VARIABLE = YES;
				IPHONEOS_DEPLOYMENT_TARGET = 10.3;
				MTL_ENABLE_DEBUG_INFO = NO;
				SDKROOT = iphoneos;
				SWIFT_OPTIMIZATION_LEVEL = "-Owholemodule";
				VALIDATE_PRODUCT = YES;
			};
			name = Release;
		};
		072442A51F8F8DE8006404BB /* Debug */ = {
			isa = XCBuildConfiguration;
			buildSettings = {
				ASSETCATALOG_COMPILER_APPICON_NAME = AppIcon;
				CLANG_ENABLE_MODULES = YES;
				DEVELOPMENT_TEAM = QG4UUMT2SM;
				INFOPLIST_FILE = SwiftPocket2/Info.plist;
				LD_RUNPATH_SEARCH_PATHS = "$(inherited) @executable_path/Frameworks";
				PRODUCT_BUNDLE_IDENTIFIER = "com.-HideakiTouhara.SwiftPocket2";
				PRODUCT_NAME = "$(TARGET_NAME)";
				SWIFT_OBJC_BRIDGING_HEADER = "SwiftPocket2/SwiftPocket2-Bridging-Header.h";
				SWIFT_OPTIMIZATION_LEVEL = "-Onone";
				SWIFT_VERSION = 3.0;
			};
			name = Debug;
		};
		072442A61F8F8DE8006404BB /* Release */ = {
			isa = XCBuildConfiguration;
			buildSettings = {
				ASSETCATALOG_COMPILER_APPICON_NAME = AppIcon;
				CLANG_ENABLE_MODULES = YES;
				DEVELOPMENT_TEAM = QG4UUMT2SM;
				INFOPLIST_FILE = SwiftPocket2/Info.plist;
				LD_RUNPATH_SEARCH_PATHS = "$(inherited) @executable_path/Frameworks";
				PRODUCT_BUNDLE_IDENTIFIER = "com.-HideakiTouhara.SwiftPocket2";
				PRODUCT_NAME = "$(TARGET_NAME)";
				SWIFT_OBJC_BRIDGING_HEADER = "SwiftPocket2/SwiftPocket2-Bridging-Header.h";
				SWIFT_VERSION = 3.0;
			};
			name = Release;
		};
/* End XCBuildConfiguration section */

/* Begin XCConfigurationList section */
		0724428D1F8F8DE8006404BB /* Build configuration list for PBXProject "SwiftPocket2" */ = {
			isa = XCConfigurationList;
			buildConfigurations = (
				072442A21F8F8DE8006404BB /* Debug */,
				072442A31F8F8DE8006404BB /* Release */,
			);
			defaultConfigurationIsVisible = 0;
			defaultConfigurationName = Release;
		};
		072442A41F8F8DE8006404BB /* Build configuration list for PBXNativeTarget "SwiftPocket2" */ = {
			isa = XCConfigurationList;
			buildConfigurations = (
				072442A51F8F8DE8006404BB /* Debug */,
				072442A61F8F8DE8006404BB /* Release */,
			);
			defaultConfigurationIsVisible = 0;
		};
/* End XCConfigurationList section */
	};
	rootObject = 0724428A1F8F8DE8006404BB /* Project object */;
}
